{
  "name": "orbit-cli-svector",
  "version": "1.0.1",
  "lockfileVersion": 3,
  "requires": true,
  "packages": {
    "": {
      "name": "orbit-cli-svector",
      "version": "1.0.1",
      "hasInstallScript": true,
      "license": "MIT",
      "bin": {
        "orbit-cli": "bin/cli-wrapper.js"
      }
    }
  }
}
